
Microsoft Visual Studio Solution File, Format Version 12.00
# Visual Studio 15
Project("{FAE04EC0-301F-11D3-BF4B-00C04F79EFBC}") = "Assembly-CSharp", "Assembly-CSharp.csproj", "{DBDA5C33-E4CB-F49C-F7C3-B575B3B4C3CD}"
EndProject
Global
	GlobalSection(SolutionConfigurationPlatforms) = preSolution
		Debug|Any CPU = Debug|Any CPU
		Release|Any CPU = Release|Any CPU
	EndGlobalSection
	GlobalSection(ProjectConfigurationPlatforms) = postSolution
		{DBDA5C33-E4CB-F49C-F7C3-B575B3B4C3CD}.Debug|Any CPU.ActiveCfg = Debug|Any CPU
		{DBDA5C33-E4CB-F49C-F7C3-B575B3B4C3CD}.Debug|Any CPU.Build.0 = Debug|Any CPU
		{DBDA5C33-E4CB-F49C-F7C3-B575B3B4C3CD}.Release|Any CPU.ActiveCfg = Release|Any CPU
		{DBDA5C33-E4CB-F49C-F7C3-B575B3B4C3CD}.Release|Any CPU.Build.0 = Release|Any CPU
	EndGlobalSection
	GlobalSection(SolutionProperties) = preSolution
		HideSolutionNode = FALSE
	EndGlobalSection
EndGlobal
